
Microsoft Visual Studio Solution File, Format Version 12.00
# Visual Studio Version 17
VisualStudioVersion = 17.7.34031.279
MinimumVisualStudioVersion = 10.0.40219.1
Project("{FAE04EC0-301F-11D3-BF4B-00C04F79EFBC}") = "RSoft.RGet", "RSoft.RGet\RSoft.RGet.csproj", "{3D026830-A491-4011-B524-985D65B6E84C}"
EndProject
Global
	GlobalSection(SolutionConfigurationPlatforms) = preSolution
		Debug|Any CPU = Debug|Any CPU
		Release|Any CPU = Release|Any CPU
	EndGlobalSection
	GlobalSection(ProjectConfigurationPlatforms) = postSolution
		{3D026830-A491-4011-B524-985D65B6E84C}.Debug|Any CPU.ActiveCfg = Debug|Any CPU
		{3D026830-A491-4011-B524-985D65B6E84C}.Debug|Any CPU.Build.0 = Debug|Any CPU
		{3D026830-A491-4011-B524-985D65B6E84C}.Release|Any CPU.ActiveCfg = Release|Any CPU
		{3D026830-A491-4011-B524-985D65B6E84C}.Release|Any CPU.Build.0 = Release|Any CPU
	EndGlobalSection
	GlobalSection(SolutionProperties) = preSolution
		HideSolutionNode = FALSE
	EndGlobalSection
	GlobalSection(ExtensibilityGlobals) = postSolution
		SolutionGuid = {26DA9661-1BF5-497F-8809-3C0F847A9661}
	EndGlobalSection
EndGlobal
